{
  "requires": true,
  "lockfileVersion": 1,
  "dependencies": {
    "airbrake-js": {
      "version": "1.6.3",
      "resolved": "https://registry.npmjs.org/airbrake-js/-/airbrake-js-1.6.3.tgz",
      "integrity": "sha512-978/Pt2NqIFKdxGVs84C5ORgAlnzCvTuJxU41g+wKxanqa+vDIwV0I1S6XJbd2ufJTHCpipGAdjzX5tCBe7YdQ=="
    },
    "cross-fetch": {
      "version": "3.0.0",
      "resolved": "https://registry.npmjs.org/cross-fetch/-/cross-fetch-3.0.0.tgz",
      "integrity": "sha512-P8HyKlMwT1ed9LqEWlJu+zfcxfn0KI4Nl4nxyvu1a8sg4vgtHdwhElZOgSNzoar44zQMdliZcve4QG/04AUi9Q==",
      "requires": {
        "node-fetch": "2.3.0",
        "whatwg-fetch": "3.0.0"
      }
    },
    "node-fetch": {
      "version": "2.3.0",
      "resolved": "https://registry.npmjs.org/node-fetch/-/node-fetch-2.3.0.tgz",
      "integrity": "sha512-MOd8pV3fxENbryESLgVIeaGKrdl+uaYhCSSVkjeOb/31/njTpcis5aWfdqgNlHIrKOLRbMnfPINPOML2CIFeXA=="
    },
    "whatwg-fetch": {
      "version": "3.0.0",
      "resolved": "https://registry.npmjs.org/whatwg-fetch/-/whatwg-fetch-3.0.0.tgz",
      "integrity": "sha512-9GSJUgz1D4MfyKU7KRqwOjXCXTqWdFNvEr7eUBYchQiVc744mqK/MzXPNR2WsPkmkOa4ywfg8C2n8h+13Bey1Q=="
    }
  }
}
